Microsoft Visual Studio Solution File, Format Version 12.00
# Visual Studio Version 17
VisualStudioVersion = 17.2.32210.308
MinimumVisualStudioVersion = 15.0.26124.0
Project("{2150E333-8FDC-42A3-9474-1A3956D46DE8}") = "Source", "Source", "{C076324B-1009-46D8-B2C5-68381266BB11}"
EndProject
Project("{2150E333-8FDC-42A3-9474-1A3956D46DE8}") = "Platforms", "Platforms", "{161B5A60-6CE3-4377-A8F4-CB1C693F3CDB}"
EndProject
Project("{2150E333-8FDC-42A3-9474-1A3956D46DE8}") = "Backend", "Backend", "{97B4DE14-0F79-4751-985A-2320EAD15630}"
EndProject
Project("{9A19103F-16F7-4668-BE54-9A1E7A4F7556}") = "SyncFusionMauiEmbeddingSample", "SyncFusionMauiEmbeddingSample\SyncFusionMauiEmbeddingSample.csproj", "{DED7548A-DAFE-4FB8-A77C-643EDA11F237}"
EndProject
Project("{9A19103F-16F7-4668-BE54-9A1E7A4F7556}") = "SyncFusionMauiEmbeddingSample.Base", "SyncFusionMauiEmbeddingSample.Base\SyncFusionMauiEmbeddingSample.Base.csproj", "{2189102C-8698-4760-A2C5-ADED686F84E2}"
EndProject
Project("{9A19103F-16F7-4668-BE54-9A1E7A4F7556}") = "SyncFusionMauiEmbeddingSample.Mobile", "SyncFusionMauiEmbeddingSample.Mobile\SyncFusionMauiEmbeddingSample.Mobile.csproj", "{0903E233-2F5A-41F1-AFFA-E3A6731FBFC1}"
EndProject
Project("{9A19103F-16F7-4668-BE54-9A1E7A4F7556}") = "SyncFusionMauiEmbeddingSample.Windows", "SyncFusionMauiEmbeddingSample.Windows\SyncFusionMauiEmbeddingSample.Windows.csproj", "{4DBD11A8-6634-426E-8843-357EE703699E}"
EndProject
Project("{9A19103F-16F7-4668-BE54-9A1E7A4F7556}") = "SyncFusionMauiEmbeddingSample.Server", "SyncFusionMauiEmbeddingSample.Server\SyncFusionMauiEmbeddingSample.Server.csproj", "{6498DBA1-A7E1-4292-A8CA-1876BD1C3EE8}"
EndProject
Project("{9A19103F-16F7-4668-BE54-9A1E7A4F7556}") = "SyncFusionMauiEmbeddingSample.MauiControls", "SyncFusionMauiEmbeddingSample.MauiControls\SyncFusionMauiEmbeddingSample.MauiControls.csproj", "{DFF9A002-8F7F-4385-9578-B918B8C43176}"
EndProject
Project("{2150E333-8FDC-42A3-9474-1A3956D46DE8}") = "Solution Items", "Solution Items", "{BADA71DC-7FFD-4EDC-9F28-FB74AEADC713}"
	ProjectSection(SolutionItems) = preProject
		.gitignore = .gitignore
		Directory.Build.props = Directory.Build.props
		Directory.Build.targets = Directory.Build.targets
		Directory.Packages.props = Directory.Packages.props
		solution-config.props.sample = solution-config.props.sample
	EndProjectSection
EndProject
Global
	GlobalSection(SolutionConfigurationPlatforms) = preSolution
		Debug|Any CPU = Debug|Any CPU
		Debug|ARM = Debug|ARM
		Debug|ARM64 = Debug|ARM64
		Debug|iPhone = Debug|iPhone
		Debug|iPhoneSimulator = Debug|iPhoneSimulator
		Debug|x64 = Debug|x64
		Debug|x86 = Debug|x86
		Release|Any CPU = Release|Any CPU
		Release|ARM = Release|ARM
		Release|ARM64 = Release|ARM64
		Release|iPhone = Release|iPhone
		Release|iPhoneSimulator = Release|iPhoneSimulator
		Release|x64 = Release|x64
		Release|x86 = Release|x86
	EndGlobalSection
	GlobalSection(ProjectConfigurationPlatforms) = postSolution
		{DED7548A-DAFE-4FB8-A77C-643EDA11F237}.Debug|Any CPU.ActiveCfg = Debug|Any CPU
		{DED7548A-DAFE-4FB8-A77C-643EDA11F237}.Debug|Any CPU.Build.0 = Debug|Any CPU
		{DED7548A-DAFE-4FB8-A77C-643EDA11F237}.Debug|ARM.ActiveCfg = Debug|Any CPU
		{DED7548A-DAFE-4FB8-A77C-643EDA11F237}.Debug|ARM.Build.0 = Debug|Any CPU
		{DED7548A-DAFE-4FB8-A77C-643EDA11F237}.Debug|ARM64.ActiveCfg = Debug|Any CPU
		{DED7548A-DAFE-4FB8-A77C-643EDA11F237}.Debug|ARM64.Build.0 = Debug|Any CPU
		{DED7548A-DAFE-4FB8-A77C-643EDA11F237}.Debug|iPhone.ActiveCfg = Debug|Any CPU
		{DED7548A-DAFE-4FB8-A77C-643EDA11F237}.Debug|iPhone.Build.0 = Debug|Any CPU
		{DED7548A-DAFE-4FB8-A77C-643EDA11F237}.Debug|iPhoneSimulator.ActiveCfg = Debug|Any CPU
		{DED7548A-DAFE-4FB8-A77C-643EDA11F237}.Debug|iPhoneSimulator.Build.0 = Debug|Any CPU
		{DED7548A-DAFE-4FB8-A77C-643EDA11F237}.Debug|x64.ActiveCfg = Debug|Any CPU
		{DED7548A-DAFE-4FB8-A77C-643EDA11F237}.Debug|x64.Build.0 = Debug|Any CPU
		{DED7548A-DAFE-4FB8-A77C-643EDA11F237}.Debug|x86.ActiveCfg = Debug|Any CPU
		{DED7548A-DAFE-4FB8-A77C-643EDA11F237}.Debug|x86.Build.0 = Debug|Any CPU
		{DED7548A-DAFE-4FB8-A77C-643EDA11F237}.Release|Any CPU.ActiveCfg = Release|Any CPU
		{DED7548A-DAFE-4FB8-A77C-643EDA11F237}.Release|Any CPU.Build.0 = Release|Any CPU
		{DED7548A-DAFE-4FB8-A77C-643EDA11F237}.Release|ARM.ActiveCfg = Release|Any CPU
		{DED7548A-DAFE-4FB8-A77C-643EDA11F237}.Release|ARM.Build.0 = Release|Any CPU
		{DED7548A-DAFE-4FB8-A77C-643EDA11F237}.Release|ARM64.ActiveCfg = Release|Any CPU
		{DED7548A-DAFE-4FB8-A77C-643EDA11F237}.Release|ARM64.Build.0 = Release|Any CPU
		{DED7548A-DAFE-4FB8-A77C-643EDA11F237}.Release|iPhone.ActiveCfg = Release|Any CPU
		{DED7548A-DAFE-4FB8-A77C-643EDA11F237}.Release|iPhone.Build.0 = Release|Any CPU
		{DED7548A-DAFE-4FB8-A77C-643EDA11F237}.Release|iPhoneSimulator.ActiveCfg = Release|Any CPU
		{DED7548A-DAFE-4FB8-A77C-643EDA11F237}.Release|iPhoneSimulator.Build.0 = Release|Any CPU
		{DED7548A-DAFE-4FB8-A77C-643EDA11F237}.Release|x64.ActiveCfg = Release|Any CPU
		{DED7548A-DAFE-4FB8-A77C-643EDA11F237}.Release|x64.Build.0 = Release|Any CPU
		{DED7548A-DAFE-4FB8-A77C-643EDA11F237}.Release|x86.ActiveCfg = Release|Any CPU
		{DED7548A-DAFE-4FB8-A77C-643EDA11F237}.Release|x86.Build.0 = Release|Any CPU
		{2189102C-8698-4760-A2C5-ADED686F84E2}.Debug|Any CPU.ActiveCfg = Debug|Any CPU
		{2189102C-8698-4760-A2C5-ADED686F84E2}.Debug|Any CPU.Build.0 = Debug|Any CPU
		{2189102C-8698-4760-A2C5-ADED686F84E2}.Debug|ARM.ActiveCfg = Debug|Any CPU
		{2189102C-8698-4760-A2C5-ADED686F84E2}.Debug|ARM.Build.0 = Debug|Any CPU
		{2189102C-8698-4760-A2C5-ADED686F84E2}.Debug|ARM64.ActiveCfg = Debug|Any CPU
		{2189102C-8698-4760-A2C5-ADED686F84E2}.Debug|ARM64.Build.0 = Debug|Any CPU
		{2189102C-8698-4760-A2C5-ADED686F84E2}.Debug|iPhone.ActiveCfg = Debug|Any CPU
		{2189102C-8698-4760-A2C5-ADED686F84E2}.Debug|iPhone.Build.0 = Debug|Any CPU
		{2189102C-8698-4760-A2C5-ADED686F84E2}.Debug|iPhoneSimulator.ActiveCfg = Debug|Any CPU
		{2189102C-8698-4760-A2C5-ADED686F84E2}.Debug|iPhoneSimulator.Build.0 = Debug|Any CPU
		{2189102C-8698-4760-A2C5-ADED686F84E2}.Debug|x64.ActiveCfg = Debug|Any CPU
		{2189102C-8698-4760-A2C5-ADED686F84E2}.Debug|x64.Build.0 = Debug|Any CPU
		{2189102C-8698-4760-A2C5-ADED686F84E2}.Debug|x86.ActiveCfg = Debug|Any CPU
		{2189102C-8698-4760-A2C5-ADED686F84E2}.Debug|x86.Build.0 = Debug|Any CPU
		{2189102C-8698-4760-A2C5-ADED686F84E2}.Release|Any CPU.ActiveCfg = Release|Any CPU
		{2189102C-8698-4760-A2C5-ADED686F84E2}.Release|Any CPU.Build.0 = Release|Any CPU
		{2189102C-8698-4760-A2C5-ADED686F84E2}.Release|ARM.ActiveCfg = Release|Any CPU
		{2189102C-8698-4760-A2C5-ADED686F84E2}.Release|ARM.Build.0 = Release|Any CPU
		{2189102C-8698-4760-A2C5-ADED686F84E2}.Release|ARM64.ActiveCfg = Release|Any CPU
		{2189102C-8698-4760-A2C5-ADED686F84E2}.Release|ARM64.Build.0 = Release|Any CPU
		{2189102C-8698-4760-A2C5-ADED686F84E2}.Release|iPhone.ActiveCfg = Release|Any CPU
		{2189102C-8698-4760-A2C5-ADED686F84E2}.Release|iPhone.Build.0 = Release|Any CPU
		{2189102C-8698-4760-A2C5-ADED686F84E2}.Release|iPhoneSimulator.ActiveCfg = Release|Any CPU
		{2189102C-8698-4760-A2C5-ADED686F84E2}.Release|iPhoneSimulator.Build.0 = Release|Any CPU
		{2189102C-8698-4760-A2C5-ADED686F84E2}.Release|x64.ActiveCfg = Release|Any CPU
		{2189102C-8698-4760-A2C5-ADED686F84E2}.Release|x64.Build.0 = Release|Any CPU
		{2189102C-8698-4760-A2C5-ADED686F84E2}.Release|x86.ActiveCfg = Release|Any CPU
		{2189102C-8698-4760-A2C5-ADED686F84E2}.Release|x86.Build.0 = Release|Any CPU
		{0903E233-2F5A-41F1-AFFA-E3A6731FBFC1}.Debug|Any CPU.ActiveCfg = Debug|Any CPU
		{0903E233-2F5A-41F1-AFFA-E3A6731FBFC1}.Debug|Any CPU.Build.0 = Debug|Any CPU
		{0903E233-2F5A-41F1-AFFA-E3A6731FBFC1}.Debug|Any CPU.Deploy.0 = Debug|Any CPU
		{0903E233-2F5A-41F1-AFFA-E3A6731FBFC1}.Debug|ARM.ActiveCfg = Debug|Any CPU
		{0903E233-2F5A-41F1-AFFA-E3A6731FBFC1}.Debug|ARM.Build.0 = Debug|Any CPU
		{0903E233-2F5A-41F1-AFFA-E3A6731FBFC1}.Debug|ARM.Deploy.0 = Debug|Any CPU
		{0903E233-2F5A-41F1-AFFA-E3A6731FBFC1}.Debug|ARM64.ActiveCfg = Debug|Any CPU
		{0903E233-2F5A-41F1-AFFA-E3A6731FBFC1}.Debug|ARM64.Build.0 = Debug|Any CPU
		{0903E233-2F5A-41F1-AFFA-E3A6731FBFC1}.Debug|ARM64.Deploy.0 = Debug|Any CPU
		{0903E233-2F5A-41F1-AFFA-E3A6731FBFC1}.Debug|iPhone.ActiveCfg = Debug|Any CPU
		{0903E233-2F5A-41F1-AFFA-E3A6731FBFC1}.Debug|iPhone.Build.0 = Debug|Any CPU
		{0903E233-2F5A-41F1-AFFA-E3A6731FBFC1}.Debug|iPhone.Deploy.0 = Debug|Any CPU
		{0903E233-2F5A-41F1-AFFA-E3A6731FBFC1}.Debug|iPhoneSimulator.ActiveCfg = Debug|Any CPU
		{0903E233-2F5A-41F1-AFFA-E3A6731FBFC1}.Debug|iPhoneSimulator.Build.0 = Debug|Any CPU
		{0903E233-2F5A-41F1-AFFA-E3A6731FBFC1}.Debug|iPhoneSimulator.Deploy.0 = Debug|Any CPU
		{0903E233-2F5A-41F1-AFFA-E3A6731FBFC1}.Debug|x64.ActiveCfg = Debug|Any CPU
		{0903E233-2F5A-41F1-AFFA-E3A6731FBFC1}.Debug|x64.Build.0 = Debug|Any CPU
		{0903E233-2F5A-41F1-AFFA-E3A6731FBFC1}.Debug|x64.Deploy.0 = Debug|Any CPU
		{0903E233-2F5A-41F1-AFFA-E3A6731FBFC1}.Debug|x86.ActiveCfg = Debug|Any CPU
		{0903E233-2F5A-41F1-AFFA-E3A6731FBFC1}.Debug|x86.Build.0 = Debug|Any CPU
		{0903E233-2F5A-41F1-AFFA-E3A6731FBFC1}.Debug|x86.Deploy.0 = Debug|Any CPU
		{0903E233-2F5A-41F1-AFFA-E3A6731FBFC1}.Release|Any CPU.ActiveCfg = Release|Any CPU
		{0903E233-2F5A-41F1-AFFA-E3A6731FBFC1}.Release|Any CPU.Build.0 = Release|Any CPU
		{0903E233-2F5A-41F1-AFFA-E3A6731FBFC1}.Release|Any CPU.Deploy.0 = Release|Any CPU
		{0903E233-2F5A-41F1-AFFA-E3A6731FBFC1}.Release|ARM.ActiveCfg = Release|Any CPU
		{0903E233-2F5A-41F1-AFFA-E3A6731FBFC1}.Release|ARM.Build.0 = Release|Any CPU
		{0903E233-2F5A-41F1-AFFA-E3A6731FBFC1}.Release|ARM.Deploy.0 = Release|Any CPU
		{0903E233-2F5A-41F1-AFFA-E3A6731FBFC1}.Release|ARM64.ActiveCfg = Release|Any CPU
		{0903E233-2F5A-41F1-AFFA-E3A6731FBFC1}.Release|ARM64.Build.0 = Release|Any CPU
		{0903E233-2F5A-41F1-AFFA-E3A6731FBFC1}.Release|ARM64.Deploy.0 = Release|Any CPU
		{0903E233-2F5A-41F1-AFFA-E3A6731FBFC1}.Release|iPhone.ActiveCfg = Release|Any CPU
		{0903E233-2F5A-41F1-AFFA-E3A6731FBFC1}.Release|iPhone.Build.0 = Release|Any CPU
		{0903E233-2F5A-41F1-AFFA-E3A6731FBFC1}.Release|iPhone.Deploy.0 = Release|Any CPU
		{0903E233-2F5A-41F1-AFFA-E3A6731FBFC1}.Release|iPhoneSimulator.ActiveCfg = Release|Any CPU
		{0903E233-2F5A-41F1-AFFA-E3A6731FBFC1}.Release|iPhoneSimulator.Build.0 = Release|Any CPU
		{0903E233-2F5A-41F1-AFFA-E3A6731FBFC1}.Release|iPhoneSimulator.Deploy.0 = Release|Any CPU
		{0903E233-2F5A-41F1-AFFA-E3A6731FBFC1}.Release|x64.ActiveCfg = Release|Any CPU
		{0903E233-2F5A-41F1-AFFA-E3A6731FBFC1}.Release|x64.Build.0 = Release|Any CPU
		{0903E233-2F5A-41F1-AFFA-E3A6731FBFC1}.Release|x64.Deploy.0 = Release|Any CPU
		{0903E233-2F5A-41F1-AFFA-E3A6731FBFC1}.Release|x86.ActiveCfg = Release|Any CPU
		{0903E233-2F5A-41F1-AFFA-E3A6731FBFC1}.Release|x86.Build.0 = Release|Any CPU
		{0903E233-2F5A-41F1-AFFA-E3A6731FBFC1}.Release|x86.Deploy.0 = Release|Any CPU
		{4DBD11A8-6634-426E-8843-357EE703699E}.Debug|Any CPU.ActiveCfg = Debug|x64
		{4DBD11A8-6634-426E-8843-357EE703699E}.Debug|Any CPU.Build.0 = Debug|x64
		{4DBD11A8-6634-426E-8843-357EE703699E}.Debug|Any CPU.Deploy.0 = Debug|x64
		{4DBD11A8-6634-426E-8843-357EE703699E}.Debug|ARM.ActiveCfg = Debug|x64
		{4DBD11A8-6634-426E-8843-357EE703699E}.Debug|ARM.Build.0 = Debug|x64
		{4DBD11A8-6634-426E-8843-357EE703699E}.Debug|ARM.Deploy.0 = Debug|x64
		{4DBD11A8-6634-426E-8843-357EE703699E}.Debug|ARM64.ActiveCfg = Debug|arm64
		{4DBD11A8-6634-426E-8843-357EE703699E}.Debug|ARM64.Build.0 = Debug|arm64
		{4DBD11A8-6634-426E-8843-357EE703699E}.Debug|ARM64.Deploy.0 = Debug|arm64
		{4DBD11A8-6634-426E-8843-357EE703699E}.Debug|iPhone.ActiveCfg = Debug|x64
		{4DBD11A8-6634-426E-8843-357EE703699E}.Debug|iPhone.Build.0 = Debug|x64
		{4DBD11A8-6634-426E-8843-357EE703699E}.Debug|iPhone.Deploy.0 = Debug|x64
		{4DBD11A8-6634-426E-8843-357EE703699E}.Debug|iPhoneSimulator.ActiveCfg = Debug|x64
		{4DBD11A8-6634-426E-8843-357EE703699E}.Debug|iPhoneSimulator.Build.0 = Debug|x64
		{4DBD11A8-6634-426E-8843-357EE703699E}.Debug|iPhoneSimulator.Deploy.0 = Debug|x64
		{4DBD11A8-6634-426E-8843-357EE703699E}.Debug|x64.ActiveCfg = Debug|x64
		{4DBD11A8-6634-426E-8843-357EE703699E}.Debug|x64.Build.0 = Debug|x64
		{4DBD11A8-6634-426E-8843-357EE703699E}.Debug|x86.ActiveCfg = Debug|x86
		{4DBD11A8-6634-426E-8843-357EE703699E}.Debug|x86.Build.0 = Debug|x86
		{4DBD11A8-6634-426E-8843-357EE703699E}.Release|Any CPU.ActiveCfg = Release|x64
		{4DBD11A8-6634-426E-8843-357EE703699E}.Release|Any CPU.Build.0 = Release|x64
		{4DBD11A8-6634-426E-8843-357EE703699E}.Release|Any CPU.Deploy.0 = Release|x64
		{4DBD11A8-6634-426E-8843-357EE703699E}.Release|ARM.ActiveCfg = Release|x64
		{4DBD11A8-6634-426E-8843-357EE703699E}.Release|ARM.Build.0 = Release|x64
		{4DBD11A8-6634-426E-8843-357EE703699E}.Release|ARM64.ActiveCfg = Release|arm64
		{4DBD11A8-6634-426E-8843-357EE703699E}.Release|ARM64.Build.0 = Release|arm64
		{4DBD11A8-6634-426E-8843-357EE703699E}.Release|iPhone.ActiveCfg = Release|x64
		{4DBD11A8-6634-426E-8843-357EE703699E}.Release|iPhone.Build.0 = Release|x64
		{4DBD11A8-6634-426E-8843-357EE703699E}.Release|iPhoneSimulator.ActiveCfg = Release|x64
		{4DBD11A8-6634-426E-8843-357EE703699E}.Release|iPhoneSimulator.Build.0 = Release|x64
		{4DBD11A8-6634-426E-8843-357EE703699E}.Release|x64.ActiveCfg = Release|x64
		{4DBD11A8-6634-426E-8843-357EE703699E}.Release|x64.Build.0 = Release|x64
		{4DBD11A8-6634-426E-8843-357EE703699E}.Release|x86.ActiveCfg = Release|x86
		{4DBD11A8-6634-426E-8843-357EE703699E}.Release|x86.Build.0 = Release|x86
		{6498DBA1-A7E1-4292-A8CA-1876BD1C3EE8}.Debug|Any CPU.ActiveCfg = Debug|Any CPU
		{6498DBA1-A7E1-4292-A8CA-1876BD1C3EE8}.Debug|Any CPU.Build.0 = Debug|Any CPU
		{6498DBA1-A7E1-4292-A8CA-1876BD1C3EE8}.Debug|ARM.ActiveCfg = Debug|Any CPU
		{6498DBA1-A7E1-4292-A8CA-1876BD1C3EE8}.Debug|ARM.Build.0 = Debug|Any CPU
		{6498DBA1-A7E1-4292-A8CA-1876BD1C3EE8}.Debug|ARM64.ActiveCfg = Debug|Any CPU
		{6498DBA1-A7E1-4292-A8CA-1876BD1C3EE8}.Debug|ARM64.Build.0 = Debug|Any CPU
		{6498DBA1-A7E1-4292-A8CA-1876BD1C3EE8}.Debug|iPhone.ActiveCfg = Debug|Any CPU
		{6498DBA1-A7E1-4292-A8CA-1876BD1C3EE8}.Debug|iPhone.Build.0 = Debug|Any CPU
		{6498DBA1-A7E1-4292-A8CA-1876BD1C3EE8}.Debug|iPhoneSimulator.ActiveCfg = Debug|Any CPU
		{6498DBA1-A7E1-4292-A8CA-1876BD1C3EE8}.Debug|iPhoneSimulator.Build.0 = Debug|Any CPU
		{6498DBA1-A7E1-4292-A8CA-1876BD1C3EE8}.Debug|x64.ActiveCfg = Debug|Any CPU
		{6498DBA1-A7E1-4292-A8CA-1876BD1C3EE8}.Debug|x64.Build.0 = Debug|Any CPU
		{6498DBA1-A7E1-4292-A8CA-1876BD1C3EE8}.Debug|x86.ActiveCfg = Debug|Any CPU
		{6498DBA1-A7E1-4292-A8CA-1876BD1C3EE8}.Debug|x86.Build.0 = Debug|Any CPU
		{6498DBA1-A7E1-4292-A8CA-1876BD1C3EE8}.Release|Any CPU.ActiveCfg = Release|Any CPU
		{6498DBA1-A7E1-4292-A8CA-1876BD1C3EE8}.Release|Any CPU.Build.0 = Release|Any CPU
		{6498DBA1-A7E1-4292-A8CA-1876BD1C3EE8}.Release|ARM.ActiveCfg = Release|Any CPU
		{6498DBA1-A7E1-4292-A8CA-1876BD1C3EE8}.Release|ARM.Build.0 = Release|Any CPU
		{6498DBA1-A7E1-4292-A8CA-1876BD1C3EE8}.Release|ARM64.ActiveCfg = Release|Any CPU
		{6498DBA1-A7E1-4292-A8CA-1876BD1C3EE8}.Release|ARM64.Build.0 = Release|Any CPU
		{6498DBA1-A7E1-4292-A8CA-1876BD1C3EE8}.Release|iPhone.ActiveCfg = Release|Any CPU
		{6498DBA1-A7E1-4292-A8CA-1876BD1C3EE8}.Release|iPhone.Build.0 = Release|Any CPU
		{6498DBA1-A7E1-4292-A8CA-1876BD1C3EE8}.Release|iPhoneSimulator.ActiveCfg = Release|Any CPU
		{6498DBA1-A7E1-4292-A8CA-1876BD1C3EE8}.Release|iPhoneSimulator.Build.0 = Release|Any CPU
		{6498DBA1-A7E1-4292-A8CA-1876BD1C3EE8}.Release|x64.ActiveCfg = Release|Any CPU
		{6498DBA1-A7E1-4292-A8CA-1876BD1C3EE8}.Release|x64.Build.0 = Release|Any CPU
		{6498DBA1-A7E1-4292-A8CA-1876BD1C3EE8}.Release|x86.ActiveCfg = Release|Any CPU
		{6498DBA1-A7E1-4292-A8CA-1876BD1C3EE8}.Release|x86.Build.0 = Release|Any CPU
		{DFF9A002-8F7F-4385-9578-B918B8C43176}.Debug|Any CPU.ActiveCfg = Debug|Any CPU
		{DFF9A002-8F7F-4385-9578-B918B8C43176}.Debug|Any CPU.Build.0 = Debug|Any CPU
		{DFF9A002-8F7F-4385-9578-B918B8C43176}.Debug|ARM.ActiveCfg = Debug|Any CPU
		{DFF9A002-8F7F-4385-9578-B918B8C43176}.Debug|ARM.Build.0 = Debug|Any CPU
		{DFF9A002-8F7F-4385-9578-B918B8C43176}.Debug|ARM64.ActiveCfg = Debug|Any CPU
		{DFF9A002-8F7F-4385-9578-B918B8C43176}.Debug|ARM64.Build.0 = Debug|Any CPU
		{DFF9A002-8F7F-4385-9578-B918B8C43176}.Debug|iPhone.ActiveCfg = Debug|Any CPU
		{DFF9A002-8F7F-4385-9578-B918B8C43176}.Debug|iPhone.Build.0 = Debug|Any CPU
		{DFF9A002-8F7F-4385-9578-B918B8C43176}.Debug|iPhoneSimulator.ActiveCfg = Debug|Any CPU
		{DFF9A002-8F7F-4385-9578-B918B8C43176}.Debug|iPhoneSimulator.Build.0 = Debug|Any CPU
		{DFF9A002-8F7F-4385-9578-B918B8C43176}.Debug|x64.ActiveCfg = Debug|Any CPU
		{DFF9A002-8F7F-4385-9578-B918B8C43176}.Debug|x64.Build.0 = Debug|Any CPU
		{DFF9A002-8F7F-4385-9578-B918B8C43176}.Debug|x86.ActiveCfg = Debug|Any CPU
		{DFF9A002-8F7F-4385-9578-B918B8C43176}.Debug|x86.Build.0 = Debug|Any CPU
		{DFF9A002-8F7F-4385-9578-B918B8C43176}.Release|Any CPU.ActiveCfg = Release|Any CPU
		{DFF9A002-8F7F-4385-9578-B918B8C43176}.Release|Any CPU.Build.0 = Release|Any CPU
		{DFF9A002-8F7F-4385-9578-B918B8C43176}.Release|ARM.ActiveCfg = Release|Any CPU
		{DFF9A002-8F7F-4385-9578-B918B8C43176}.Release|ARM.Build.0 = Release|Any CPU
		{DFF9A002-8F7F-4385-9578-B918B8C43176}.Release|ARM64.ActiveCfg = Release|Any CPU
		{DFF9A002-8F7F-4385-9578-B918B8C43176}.Release|ARM64.Build.0 = Release|Any CPU
		{DFF9A002-8F7F-4385-9578-B918B8C43176}.Release|iPhone.ActiveCfg = Release|Any CPU
		{DFF9A002-8F7F-4385-9578-B918B8C43176}.Release|iPhone.Build.0 = Release|Any CPU
		{DFF9A002-8F7F-4385-9578-B918B8C43176}.Release|iPhoneSimulator.ActiveCfg = Release|Any CPU
		{DFF9A002-8F7F-4385-9578-B918B8C43176}.Release|iPhoneSimulator.Build.0 = Release|Any CPU
		{DFF9A002-8F7F-4385-9578-B918B8C43176}.Release|x64.ActiveCfg = Release|Any CPU
		{DFF9A002-8F7F-4385-9578-B918B8C43176}.Release|x64.Build.0 = Release|Any CPU
		{DFF9A002-8F7F-4385-9578-B918B8C43176}.Release|x86.ActiveCfg = Release|Any CPU
		{DFF9A002-8F7F-4385-9578-B918B8C43176}.Release|x86.Build.0 = Release|Any CPU
	EndGlobalSection
	GlobalSection(SolutionProperties) = preSolution
		HideSolutionNode = FALSE
	EndGlobalSection
	GlobalSection(NestedProjects) = preSolution
		{161B5A60-6CE3-4377-A8F4-CB1C693F3CDB} = {C076324B-1009-46D8-B2C5-68381266BB11}
		{97B4DE14-0F79-4751-985A-2320EAD15630} = {C076324B-1009-46D8-B2C5-68381266BB11}
		{DED7548A-DAFE-4FB8-A77C-643EDA11F237} = {C076324B-1009-46D8-B2C5-68381266BB11}
		{2189102C-8698-4760-A2C5-ADED686F84E2} = {161B5A60-6CE3-4377-A8F4-CB1C693F3CDB}
		{0903E233-2F5A-41F1-AFFA-E3A6731FBFC1} = {161B5A60-6CE3-4377-A8F4-CB1C693F3CDB}
		{4DBD11A8-6634-426E-8843-357EE703699E} = {161B5A60-6CE3-4377-A8F4-CB1C693F3CDB}
		{6498DBA1-A7E1-4292-A8CA-1876BD1C3EE8} = {97B4DE14-0F79-4751-985A-2320EAD15630}
		{DFF9A002-8F7F-4385-9578-B918B8C43176} = {C076324B-1009-46D8-B2C5-68381266BB11}
	EndGlobalSection
	GlobalSection(ExtensibilityGlobals) = postSolution
		SolutionGuid = {C2A20D65-FF6B-4AD8-8E5F-2DE1AF44D4E3}
	EndGlobalSection
EndGlobal
